
Microsoft Visual Studio Solution File, Format Version 12.00
# Visual Studio 15
VisualStudioVersion = 15.0.26730.16
MinimumVisualStudioVersion = 10.0.40219.1
Project("{FAE04EC0-301F-11D3-BF4B-00C04F79EFBC}") = "Animal Crossing Model Editor", "Animal Crossing Model Editor\Animal Crossing Model Editor.csproj", "{05A2D925-D065-4BD8-A76B-0BCBDB026749}"
EndProject
Global
	GlobalSection(SolutionConfigurationPlatforms) = preSolution
		Debug|Any CPU = Debug|Any CPU
		Release|Any CPU = Release|Any CPU
	EndGlobalSection
	GlobalSection(ProjectConfigurationPlatforms) = postSolution
		{05A2D925-D065-4BD8-A76B-0BCBDB026749}.Debug|Any CPU.ActiveCfg = Debug|Any CPU
		{05A2D925-D065-4BD8-A76B-0BCBDB026749}.Debug|Any CPU.Build.0 = Debug|Any CPU
		{05A2D925-D065-4BD8-A76B-0BCBDB026749}.Release|Any CPU.ActiveCfg = Release|Any CPU
		{05A2D925-D065-4BD8-A76B-0BCBDB026749}.Release|Any CPU.Build.0 = Release|Any CPU
	EndGlobalSection
	GlobalSection(SolutionProperties) = preSolution
		HideSolutionNode = FALSE
	EndGlobalSection
	GlobalSection(ExtensibilityGlobals) = postSolution
		SolutionGuid = {FC0B0F26-45D6-4D69-87C8-C21A0712A256}
	EndGlobalSection
EndGlobal
